
Microsoft Visual Studio Solution File, Format Version 12.00
# Visual Studio 15
VisualStudioVersion = 15.0.28010.2050
MinimumVisualStudioVersion = 10.0.40219.1
Project("{8BC9CEB8-8B4A-11D0-8D11-00A0C91BC942}") = "1119_1", "1119_1\1119_1.vcxproj", "{62C985B3-2A4D-44DA-AC66-C65502A17CBC}"
EndProject
Global
	GlobalSection(SolutionConfigurationPlatforms) = preSolution
		Debug|x64 = Debug|x64
		Debug|x86 = Debug|x86
		Release|x64 = Release|x64
		Release|x86 = Release|x86
	EndGlobalSection
	GlobalSection(ProjectConfigurationPlatforms) = postSolution
		{62C985B3-2A4D-44DA-AC66-C65502A17CBC}.Debug|x64.ActiveCfg = Debug|x64
		{62C985B3-2A4D-44DA-AC66-C65502A17CBC}.Debug|x64.Build.0 = Debug|x64
		{62C985B3-2A4D-44DA-AC66-C65502A17CBC}.Debug|x86.ActiveCfg = Debug|Win32
		{62C985B3-2A4D-44DA-AC66-C65502A17CBC}.Debug|x86.Build.0 = Debug|Win32
		{62C985B3-2A4D-44DA-AC66-C65502A17CBC}.Release|x64.ActiveCfg = Release|x64
		{62C985B3-2A4D-44DA-AC66-C65502A17CBC}.Release|x64.Build.0 = Release|x64
		{62C985B3-2A4D-44DA-AC66-C65502A17CBC}.Release|x86.ActiveCfg = Release|Win32
		{62C985B3-2A4D-44DA-AC66-C65502A17CBC}.Release|x86.Build.0 = Release|Win32
	EndGlobalSection
	GlobalSection(SolutionProperties) = preSolution
		HideSolutionNode = FALSE
	EndGlobalSection
	GlobalSection(ExtensibilityGlobals) = postSolution
		SolutionGuid = {92B7A327-0D57-4CC3-BE18-B018E57FE33A}
	EndGlobalSection
EndGlobal
